
Microsoft Visual Studio Solution File, Format Version 12.00
# Visual Studio Version 17
VisualStudioVersion = 17.11.35222.181
MinimumVisualStudioVersion = 10.0.40219.1
Project("{FAE04EC0-301F-11D3-BF4B-00C04F79EFBC}") = "CSharpSeleniumDemo1", "CSharpSeleniumDemo1.csproj", "{4D3418D5-3501-4040-95FE-23D701927EAF}"
EndProject
Global
	GlobalSection(SolutionConfigurationPlatforms) = preSolution
		Debug|Any CPU = Debug|Any CPU
		Release|Any CPU = Release|Any CPU
	EndGlobalSection
	GlobalSection(ProjectConfigurationPlatforms) = postSolution
		{4D3418D5-3501-4040-95FE-23D701927EAF}.Debug|Any CPU.ActiveCfg = Debug|Any CPU
		{4D3418D5-3501-4040-95FE-23D701927EAF}.Debug|Any CPU.Build.0 = Debug|Any CPU
		{4D3418D5-3501-4040-95FE-23D701927EAF}.Release|Any CPU.ActiveCfg = Release|Any CPU
		{4D3418D5-3501-4040-95FE-23D701927EAF}.Release|Any CPU.Build.0 = Release|Any CPU
	EndGlobalSection
	GlobalSection(SolutionProperties) = preSolution
		HideSolutionNode = FALSE
	EndGlobalSection
	GlobalSection(ExtensibilityGlobals) = postSolution
		SolutionGuid = {DC177F4F-B4AE-45C2-8D54-F272F9561497}
	EndGlobalSection
EndGlobal
